// !$*UTF8*$!
{
	archiveVersion = 1;
	classes = {
	};
	objectVersion = 56;
	objects = {

/* Begin PBXBuildFile section */
		646142822B08B2A4004B74F7 /* AppDelegate.swift in Sources */ = {isa = PBXBuildFile; fileRef = 646142812B08B2A4004B74F7 /* AppDelegate.swift */; };
		646142842B08B2A4004B74F7 /* SceneDelegate.swift in Sources */ = {isa = PBXBuildFile; fileRef = 646142832B08B2A4004B74F7 /* SceneDelegate.swift */; };
		646142862B08B2A4004B74F7 /* CalculatorVC.swift in Sources */ = {isa = PBXBuildFile; fileRef = 646142852B08B2A4004B74F7 /* CalculatorVC.swift */; };
		6461428B2B08B2A5004B74F7 /* Assets.xcassets in Resources */ = {isa = PBXBuildFile; fileRef = 6461428A2B08B2A5004B74F7 /* Assets.xcassets */; };
		6461428E2B08B2A5004B74F7 /* LaunchScreen.storyboard in Resources */ = {isa = PBXBuildFile; fileRef = 6461428C2B08B2A5004B74F7 /* LaunchScreen.storyboard */; };
		646142992B08B2A5004B74F7 /* Tip_CalculatorTests.swift in Sources */ = {isa = PBXBuildFile; fileRef = 646142982B08B2A5004B74F7 /* Tip_CalculatorTests.swift */; };
		646142A32B08B2A5004B74F7 /* Tip_CalculatorUITests.swift in Sources */ = {isa = PBXBuildFile; fileRef = 646142A22B08B2A5004B74F7 /* Tip_CalculatorUITests.swift */; };
		646142A52B08B2A5004B74F7 /* Tip_CalculatorUITestsLaunchTests.swift in Sources */ = {isa = PBXBuildFile; fileRef = 646142A42B08B2A5004B74F7 /* Tip_CalculatorUITestsLaunchTests.swift */; };
		646142B32B08B3B9004B74F7 /* CombineCocoa in Frameworks */ = {isa = PBXBuildFile; productRef = 646142B22B08B3B9004B74F7 /* CombineCocoa */; };
		646142B62B08B3D6004B74F7 /* SnapKit in Frameworks */ = {isa = PBXBuildFile; productRef = 646142B52B08B3D6004B74F7 /* SnapKit */; };
		646142B92B08B406004B74F7 /* CombineCocoa in Frameworks */ = {isa = PBXBuildFile; productRef = 646142B82B08B406004B74F7 /* CombineCocoa */; };
		646142BC2B08B450004B74F7 /* SnapshotTesting in Frameworks */ = {isa = PBXBuildFile; productRef = 646142BB2B08B450004B74F7 /* SnapshotTesting */; };
		646142BE2B08B463004B74F7 /* CombineCocoa in Frameworks */ = {isa = PBXBuildFile; productRef = 646142BD2B08B463004B74F7 /* CombineCocoa */; };
		646993BB2B0AA6B6001C9724 /* CalculatorVM.swift in Sources */ = {isa = PBXBuildFile; fileRef = 646993BA2B0AA6B6001C9724 /* CalculatorVM.swift */; };
		646993BD2B0AA80B001C9724 /* Result.swift in Sources */ = {isa = PBXBuildFile; fileRef = 646993BC2B0AA80B001C9724 /* Result.swift */; };
		64C6B7012B08BC7B00A581CF /* LogoView.swift in Sources */ = {isa = PBXBuildFile; fileRef = 64C6B7002B08BC7B00A581CF /* LogoView.swift */; };
		64C6B7032B08BF6400A581CF /* ResultView.swift in Sources */ = {isa = PBXBuildFile; fileRef = 64C6B7022B08BF6400A581CF /* ResultView.swift */; };
		64C6B7052B08BF7300A581CF /* BillInputView.swift in Sources */ = {isa = PBXBuildFile; fileRef = 64C6B7042B08BF7300A581CF /* BillInputView.swift */; };
		64C6B7072B08C3AF00A581CF /* TipInputView.swift in Sources */ = {isa = PBXBuildFile; fileRef = 64C6B7062B08C3AF00A581CF /* TipInputView.swift */; };
		64C6B7092B08C3B600A581CF /* SplitInputView.swift in Sources */ = {isa = PBXBuildFile; fileRef = 64C6B7082B08C3B600A581CF /* SplitInputView.swift */; };
		64C6B70C2B08CEC700A581CF /* ThemeColor.swift in Sources */ = {isa = PBXBuildFile; fileRef = 64C6B70B2B08CEC700A581CF /* ThemeColor.swift */; };
		64C6B70E2B08CECC00A581CF /* ThemeFont.swift in Sources */ = {isa = PBXBuildFile; fileRef = 64C6B70D2B08CECC00A581CF /* ThemeFont.swift */; };
		64C6B7112B08CF6F00A581CF /* UIColor+Extension.swift in Sources */ = {isa = PBXBuildFile; fileRef = 64C6B7102B08CF6F00A581CF /* UIColor+Extension.swift */; };
		64C6B7142B08D3DC00A581CF /* LabelFactor.swift in Sources */ = {isa = PBXBuildFile; fileRef = 64C6B7132B08D3DC00A581CF /* LabelFactor.swift */; };
		64C6B7172B09261B00A581CF /* UIView+Extension.swift in Sources */ = {isa = PBXBuildFile; fileRef = 64C6B7162B09261B00A581CF /* UIView+Extension.swift */; };
		64C6B7192B09313300A581CF /* AmountView.swift in Sources */ = {isa = PBXBuildFile; fileRef = 64C6B7182B09313300A581CF /* AmountView.swift */; };
		64C6B71C2B094E3D00A581CF /* Tip.swift in Sources */ = {isa = PBXBuildFile; fileRef = 64C6B71B2B094E3D00A581CF /* Tip.swift */; };
		64C6B71E2B094E6600A581CF /* HeaderView.swift in Sources */ = {isa = PBXBuildFile; fileRef = 64C6B71D2B094E6600A581CF /* HeaderView.swift */; };
/* End PBXBuildFile section */

/* Begin PBXContainerItemProxy section */
		646142952B08B2A5004B74F7 /* PBXContainerItemProxy */ = {
			isa = PBXContainerItemProxy;
			containerPortal = 646142762B08B2A4004B74F7 /* Project object */;
			proxyType = 1;
			remoteGlobalIDString = 6461427D2B08B2A4004B74F7;
			remoteInfo = "Tip-Calculator";
		};
		6461429F2B08B2A5004B74F7 /* PBXContainerItemProxy */ = {
			isa = PBXContainerItemProxy;
			containerPortal = 646142762B08B2A4004B74F7 /* Project object */;
			proxyType = 1;
			remoteGlobalIDString = 6461427D2B08B2A4004B74F7;
			remoteInfo = "Tip-Calculator";
		};
/* End PBXContainerItemProxy section */

/* Begin PBXFileReference section */
		6461427E2B08B2A4004B74F7 /* Tip-Calculator.app */ = {isa = PBXFileReference; explicitFileType = wrapper.application; includeInIndex = 0; path = "Tip-Calculator.app"; sourceTree = BUILT_PRODUCTS_DIR; };
		646142812B08B2A4004B74F7 /* AppDelegate.swift */ = {isa = PBXFileReference; lastKnownFileType = sourcecode.swift; path = AppDelegate.swift; sourceTree = "<group>"; };
		646142832B08B2A4004B74F7 /* SceneDelegate.swift */ = {isa = PBXFileReference; lastKnownFileType = sourcecode.swift; path = SceneDelegate.swift; sourceTree = "<group>"; };
		646142852B08B2A4004B74F7 /* CalculatorVC.swift */ = {isa = PBXFileReference; lastKnownFileType = sourcecode.swift; path = CalculatorVC.swift; sourceTree = "<group>"; };
		6461428A2B08B2A5004B74F7 /* Assets.xcassets */ = {isa = PBXFileReference; lastKnownFileType = folder.assetcatalog; path = Assets.xcassets; sourceTree = "<group>"; };
		6461428D2B08B2A5004B74F7 /* Base */ = {isa = PBXFileReference; lastKnownFileType = file.storyboard; name = Base; path = Base.lproj/LaunchScreen.storyboard; sourceTree = "<group>"; };
		6461428F2B08B2A5004B74F7 /* Info.plist */ = {isa = PBXFileReference; lastKnownFileType = text.plist.xml; path = Info.plist; sourceTree = "<group>"; };
		646142942B08B2A5004B74F7 /* Tip-CalculatorTests.xctest */ = {isa = PBXFileReference; explicitFileType = wrapper.cfbundle; includeInIndex = 0; path = "Tip-CalculatorTests.xctest"; sourceTree = BUILT_PRODUCTS_DIR; };
		646142982B08B2A5004B74F7 /* Tip_CalculatorTests.swift */ = {isa = PBXFileReference; lastKnownFileType = sourcecode.swift; path = Tip_CalculatorTests.swift; sourceTree = "<group>"; };
		6461429E2B08B2A5004B74F7 /* Tip-CalculatorUITests.xctest */ = {isa = PBXFileReference; explicitFileType = wrapper.cfbundle; includeInIndex = 0; path = "Tip-CalculatorUITests.xctest"; sourceTree = BUILT_PRODUCTS_DIR; };
		646142A22B08B2A5004B74F7 /* Tip_CalculatorUITests.swift */ = {isa = PBXFileReference; lastKnownFileType = sourcecode.swift; path = Tip_CalculatorUITests.swift; sourceTree = "<group>"; };
		646142A42B08B2A5004B74F7 /* Tip_CalculatorUITestsLaunchTests.swift */ = {isa = PBXFileReference; lastKnownFileType = sourcecode.swift; path = Tip_CalculatorUITestsLaunchTests.swift; sourceTree = "<group>"; };
		646993BA2B0AA6B6001C9724 /* CalculatorVM.swift */ = {isa = PBXFileReference; lastKnownFileType = sourcecode.swift; path = CalculatorVM.swift; sourceTree = "<group>"; };
		646993BC2B0AA80B001C9724 /* Result.swift */ = {isa = PBXFileReference; lastKnownFileType = sourcecode.swift; path = Result.swift; sourceTree = "<group>"; };
		64C6B7002B08BC7B00A581CF /* LogoView.swift */ = {isa = PBXFileReference; lastKnownFileType = sourcecode.swift; path = LogoView.swift; sourceTree = "<group>"; };
		64C6B7022B08BF6400A581CF /* ResultView.swift */ = {isa = PBXFileReference; lastKnownFileType = sourcecode.swift; path = ResultView.swift; sourceTree = "<group>"; };
		64C6B7042B08BF7300A581CF /* BillInputView.swift */ = {isa = PBXFileReference; lastKnownFileType = sourcecode.swift; path = BillInputView.swift; sourceTree = "<group>"; };
		64C6B7062B08C3AF00A581CF /* TipInputView.swift */ = {isa = PBXFileReference; lastKnownFileType = sourcecode.swift; path = TipInputView.swift; sourceTree = "<group>"; };
		64C6B7082B08C3B600A581CF /* SplitInputView.swift */ = {isa = PBXFileReference; lastKnownFileType = sourcecode.swift; path = SplitInputView.swift; sourceTree = "<group>"; };
		64C6B70B2B08CEC700A581CF /* ThemeColor.swift */ = {isa = PBXFileReference; lastKnownFileType = sourcecode.swift; path = ThemeColor.swift; sourceTree = "<group>"; };
		64C6B70D2B08CECC00A581CF /* ThemeFont.swift */ = {isa = PBXFileReference; lastKnownFileType = sourcecode.swift; path = ThemeFont.swift; sourceTree = "<group>"; };
		64C6B7102B08CF6F00A581CF /* UIColor+Extension.swift */ = {isa = PBXFileReference; lastKnownFileType = sourcecode.swift; path = "UIColor+Extension.swift"; sourceTree = "<group>"; };
		64C6B7132B08D3DC00A581CF /* LabelFactor.swift */ = {isa = PBXFileReference; lastKnownFileType = sourcecode.swift; path = LabelFactor.swift; sourceTree = "<group>"; };
		64C6B7162B09261B00A581CF /* UIView+Extension.swift */ = {isa = PBXFileReference; lastKnownFileType = sourcecode.swift; path = "UIView+Extension.swift"; sourceTree = "<group>"; };
		64C6B7182B09313300A581CF /* AmountView.swift */ = {isa = PBXFileReference; lastKnownFileType = sourcecode.swift; path = AmountView.swift; sourceTree = "<group>"; };
		64C6B71B2B094E3D00A581CF /* Tip.swift */ = {isa = PBXFileReference; lastKnownFileType = sourcecode.swift; path = Tip.swift; sourceTree = "<group>"; };
		64C6B71D2B094E6600A581CF /* HeaderView.swift */ = {isa = PBXFileReference; lastKnownFileType = sourcecode.swift; path = HeaderView.swift; sourceTree = "<group>"; };
/* End PBXFileReference section */

/* Begin PBXFrameworksBuildPhase section */
		6461427B2B08B2A4004B74F7 /* Frameworks */ = {
			isa = PBXFrameworksBuildPhase;
			buildActionMask = 2147483647;
			files = (
				646142B32B08B3B9004B74F7 /* CombineCocoa in Frameworks */,
				646142B62B08B3D6004B74F7 /* SnapKit in Frameworks */,
			);
			runOnlyForDeploymentPostprocessing = 0;
		};
		646142912B08B2A5004B74F7 /* Frameworks */ = {
			isa = PBXFrameworksBuildPhase;
			buildActionMask = 2147483647;
			files = (
				646142B92B08B406004B74F7 /* CombineCocoa in Frameworks */,
				646142BC2B08B450004B74F7 /* SnapshotTesting in Frameworks */,
			);
			runOnlyForDeploymentPostprocessing = 0;
		};
		6461429B2B08B2A5004B74F7 /* Frameworks */ = {
			isa = PBXFrameworksBuildPhase;
			buildActionMask = 2147483647;
			files = (
				646142BE2B08B463004B74F7 /* CombineCocoa in Frameworks */,
			);
			runOnlyForDeploymentPostprocessing = 0;
		};
/* End PBXFrameworksBuildPhase section */

/* Begin PBXGroup section */
		646142752B08B2A4004B74F7 = {
			isa = PBXGroup;
			children = (
				646142802B08B2A4004B74F7 /* Tip-Calculator */,
				646142972B08B2A5004B74F7 /* Tip-CalculatorTests */,
				646142A12B08B2A5004B74F7 /* Tip-CalculatorUITests */,
				6461427F2B08B2A4004B74F7 /* Products */,
				646142B72B08B406004B74F7 /* Frameworks */,
			);
			sourceTree = "<group>";
		};
		6461427F2B08B2A4004B74F7 /* Products */ = {
			isa = PBXGroup;
			children = (
				6461427E2B08B2A4004B74F7 /* Tip-Calculator.app */,
				646142942B08B2A5004B74F7 /* Tip-CalculatorTests.xctest */,
				6461429E2B08B2A5004B74F7 /* Tip-CalculatorUITests.xctest */,
			);
			name = Products;
			sourceTree = "<group>";
		};
		646142802B08B2A4004B74F7 /* Tip-Calculator */ = {
			isa = PBXGroup;
			children = (
				646993B92B0AA6AF001C9724 /* ViewModel */,
				64C6B71A2B094E3600A581CF /* Model */,
				64C6B7122B08D3D000A581CF /* Factory */,
				64C6B70F2B08CF6400A581CF /* Extensions */,
				64C6B70A2B08CEC200A581CF /* Config */,
				64C6B6FF2B08BC6100A581CF /* View */,
				646142812B08B2A4004B74F7 /* AppDelegate.swift */,
				646142832B08B2A4004B74F7 /* SceneDelegate.swift */,
				646142852B08B2A4004B74F7 /* CalculatorVC.swift */,
				6461428A2B08B2A5004B74F7 /* Assets.xcassets */,
				6461428C2B08B2A5004B74F7 /* LaunchScreen.storyboard */,
				6461428F2B08B2A5004B74F7 /* Info.plist */,
			);
			path = "Tip-Calculator";
			sourceTree = "<group>";
		};
		646142972B08B2A5004B74F7 /* Tip-CalculatorTests */ = {
			isa = PBXGroup;
			children = (
				646142982B08B2A5004B74F7 /* Tip_CalculatorTests.swift */,
			);
			path = "Tip-CalculatorTests";
			sourceTree = "<group>";
		};
		646142A12B08B2A5004B74F7 /* Tip-CalculatorUITests */ = {
			isa = PBXGroup;
			children = (
				646142A22B08B2A5004B74F7 /* Tip_CalculatorUITests.swift */,
				646142A42B08B2A5004B74F7 /* Tip_CalculatorUITestsLaunchTests.swift */,
			);
			path = "Tip-CalculatorUITests";
			sourceTree = "<group>";
		};
		646142B72B08B406004B74F7 /* Frameworks */ = {
			isa = PBXGroup;
			children = (
			);
			name = Frameworks;
			sourceTree = "<group>";
		};
		646993B92B0AA6AF001C9724 /* ViewModel */ = {
			isa = PBXGroup;
			children = (
				646993BA2B0AA6B6001C9724 /* CalculatorVM.swift */,
			);
			path = ViewModel;
			sourceTree = "<group>";
		};
		64C6B6FF2B08BC6100A581CF /* View */ = {
			isa = PBXGroup;
			children = (
				64C6B7002B08BC7B00A581CF /* LogoView.swift */,
				64C6B7022B08BF6400A581CF /* ResultView.swift */,
				64C6B7042B08BF7300A581CF /* BillInputView.swift */,
				64C6B7062B08C3AF00A581CF /* TipInputView.swift */,
				64C6B7082B08C3B600A581CF /* SplitInputView.swift */,
				64C6B7182B09313300A581CF /* AmountView.swift */,
				64C6B71D2B094E6600A581CF /* HeaderView.swift */,
			);
			path = View;
			sourceTree = "<group>";
		};
		64C6B70A2B08CEC200A581CF /* Config */ = {
			isa = PBXGroup;
			children = (
				64C6B70B2B08CEC700A581CF /* ThemeColor.swift */,
				64C6B70D2B08CECC00A581CF /* ThemeFont.swift */,
			);
			path = Config;
			sourceTree = "<group>";
		};
		64C6B70F2B08CF6400A581CF /* Extensions */ = {
			isa = PBXGroup;
			children = (
				64C6B7102B08CF6F00A581CF /* UIColor+Extension.swift */,
				64C6B7162B09261B00A581CF /* UIView+Extension.swift */,
			);
			path = Extensions;
			sourceTree = "<group>";
		};
		64C6B7122B08D3D000A581CF /* Factory */ = {
			isa = PBXGroup;
			children = (
				64C6B7132B08D3DC00A581CF /* LabelFactor.swift */,
			);
			path = Factory;
			sourceTree = "<group>";
		};
		64C6B71A2B094E3600A581CF /* Model */ = {
			isa = PBXGroup;
			children = (
				64C6B71B2B094E3D00A581CF /* Tip.swift */,
				646993BC2B0AA80B001C9724 /* Result.swift */,
			);
			path = Model;
			sourceTree = "<group>";
		};
/* End PBXGroup section */

/* Begin PBXNativeTarget section */
		6461427D2B08B2A4004B74F7 /* Tip-Calculator */ = {
			isa = PBXNativeTarget;
			buildConfigurationList = 646142A82B08B2A5004B74F7 /* Build configuration list for PBXNativeTarget "Tip-Calculator" */;
			buildPhases = (
				6461427A2B08B2A4004B74F7 /* Sources */,
				6461427B2B08B2A4004B74F7 /* Frameworks */,
				6461427C2B08B2A4004B74F7 /* Resources */,
			);
			buildRules = (
			);
			dependencies = (
			);
			name = "Tip-Calculator";
			packageProductDependencies = (
				646142B22B08B3B9004B74F7 /* CombineCocoa */,
				646142B52B08B3D6004B74F7 /* SnapKit */,
			);
			productName = "Tip-Calculator";
			productReference = 6461427E2B08B2A4004B74F7 /* Tip-Calculator.app */;
			productType = "com.apple.product-type.application";
		};
		646142932B08B2A5004B74F7 /* Tip-CalculatorTests */ = {
			isa = PBXNativeTarget;
			buildConfigurationList = 646142AB2B08B2A5004B74F7 /* Build configuration list for PBXNativeTarget "Tip-CalculatorTests" */;
			buildPhases = (
				646142902B08B2A5004B74F7 /* Sources */,
				646142912B08B2A5004B74F7 /* Frameworks */,
				646142922B08B2A5004B74F7 /* Resources */,
			);
			buildRules = (
			);
			dependencies = (
				646142962B08B2A5004B74F7 /* PBXTargetDependency */,
			);
			name = "Tip-CalculatorTests";
			packageProductDependencies = (
				646142B82B08B406004B74F7 /* CombineCocoa */,
				646142BB2B08B450004B74F7 /* SnapshotTesting */,
			);
			productName = "Tip-CalculatorTests";
			productReference = 646142942B08B2A5004B74F7 /* Tip-CalculatorTests.xctest */;
			productType = "com.apple.product-type.bundle.unit-test";
		};
		6461429D2B08B2A5004B74F7 /* Tip-CalculatorUITests */ = {
			isa = PBXNativeTarget;
			buildConfigurationList = 646142AE2B08B2A5004B74F7 /* Build configuration list for PBXNativeTarget "Tip-CalculatorUITests" */;
			buildPhases = (
				6461429A2B08B2A5004B74F7 /* Sources */,
				6461429B2B08B2A5004B74F7 /* Frameworks */,
				6461429C2B08B2A5004B74F7 /* Resources */,
			);
			buildRules = (
			);
			dependencies = (
				646142A02B08B2A5004B74F7 /* PBXTargetDependency */,
			);
			name = "Tip-CalculatorUITests";
			packageProductDependencies = (
				646142BD2B08B463004B74F7 /* CombineCocoa */,
			);
			productName = "Tip-CalculatorUITests";
			productReference = 6461429E2B08B2A5004B74F7 /* Tip-CalculatorUITests.xctest */;
			productType = "com.apple.product-type.bundle.ui-testing";
		};
/* End PBXNativeTarget section */

/* Begin PBXProject section */
		646142762B08B2A4004B74F7 /* Project object */ = {
			isa = PBXProject;
			attributes = {
				BuildIndependentTargetsInParallel = 1;
				LastSwiftUpdateCheck = 1420;
				LastUpgradeCheck = 1420;
				TargetAttributes = {
					6461427D2B08B2A4004B74F7 = {
						CreatedOnToolsVersion = 14.2;
					};
					646142932B08B2A5004B74F7 = {
						CreatedOnToolsVersion = 14.2;
						TestTargetID = 6461427D2B08B2A4004B74F7;
					};
					6461429D2B08B2A5004B74F7 = {
						CreatedOnToolsVersion = 14.2;
						TestTargetID = 6461427D2B08B2A4004B74F7;
					};
				};
			};
			buildConfigurationList = 646142792B08B2A4004B74F7 /* Build configuration list for PBXProject "Tip-Calculator" */;
			compatibilityVersion = "Xcode 14.0";
			developmentRegion = en;
			hasScannedForEncodings = 0;
			knownRegions = (
				en,
				Base,
			);
			mainGroup = 646142752B08B2A4004B74F7;
			packageReferences = (
				646142B12B08B3B9004B74F7 /* XCRemoteSwiftPackageReference "CombineCocoa" */,
				646142B42B08B3D6004B74F7 /* XCRemoteSwiftPackageReference "SnapKit" */,
				646142BA2B08B450004B74F7 /* XCRemoteSwiftPackageReference "swift-snapshot-testing" */,
			);
			productRefGroup = 6461427F2B08B2A4004B74F7 /* Products */;
			projectDirPath = "";
			projectRoot = "";
			targets = (
				6461427D2B08B2A4004B74F7 /* Tip-Calculator */,
				646142932B08B2A5004B74F7 /* Tip-CalculatorTests */,
				6461429D2B08B2A5004B74F7 /* Tip-CalculatorUITests */,
			);
		};
/* End PBXProject section */

/* Begin PBXResourcesBuildPhase section */
		6461427C2B08B2A4004B74F7 /* Resources */ = {
			isa = PBXResourcesBuildPhase;
			buildActionMask = 2147483647;
			files = (
				6461428E2B08B2A5004B74F7 /* LaunchScreen.storyboard in Resources */,
				6461428B2B08B2A5004B74F7 /* Assets.xcassets in Resources */,
			);
			runOnlyForDeploymentPostprocessing = 0;
		};
		646142922B08B2A5004B74F7 /* Resources */ = {
			isa = PBXResourcesBuildPhase;
			buildActionMask = 2147483647;
			files = (
			);
			runOnlyForDeploymentPostprocessing = 0;
		};
		6461429C2B08B2A5004B74F7 /* Resources */ = {
			isa = PBXResourcesBuildPhase;
			buildActionMask = 2147483647;
			files = (
			);
			runOnlyForDeploymentPostprocessing = 0;
		};
/* End PBXResourcesBuildPhase section */

/* Begin PBXSourcesBuildPhase section */
		6461427A2B08B2A4004B74F7 /* Sources */ = {
			isa = PBXSourcesBuildPhase;
			buildActionMask = 2147483647;
			files = (
				646993BD2B0AA80B001C9724 /* Result.swift in Sources */,
				646993BB2B0AA6B6001C9724 /* CalculatorVM.swift in Sources */,
				64C6B7192B09313300A581CF /* AmountView.swift in Sources */,
				646142862B08B2A4004B74F7 /* CalculatorVC.swift in Sources */,
				64C6B7172B09261B00A581CF /* UIView+Extension.swift in Sources */,
				64C6B7012B08BC7B00A581CF /* LogoView.swift in Sources */,
				64C6B70C2B08CEC700A581CF /* ThemeColor.swift in Sources */,
				64C6B7112B08CF6F00A581CF /* UIColor+Extension.swift in Sources */,
				64C6B7052B08BF7300A581CF /* BillInputView.swift in Sources */,
				64C6B7032B08BF6400A581CF /* ResultView.swift in Sources */,
				646142822B08B2A4004B74F7 /* AppDelegate.swift in Sources */,
				64C6B7142B08D3DC00A581CF /* LabelFactor.swift in Sources */,
				64C6B70E2B08CECC00A581CF /* ThemeFont.swift in Sources */,
				646142842B08B2A4004B74F7 /* SceneDelegate.swift in Sources */,
				64C6B71C2B094E3D00A581CF /* Tip.swift in Sources */,
				64C6B7092B08C3B600A581CF /* SplitInputView.swift in Sources */,
				64C6B7072B08C3AF00A581CF /* TipInputView.swift in Sources */,
				64C6B71E2B094E6600A581CF /* HeaderView.swift in Sources */,
			);
			runOnlyForDeploymentPostprocessing = 0;
		};
		646142902B08B2A5004B74F7 /* Sources */ = {
			isa = PBXSourcesBuildPhase;
			buildActionMask = 2147483647;
			files = (
				646142992B08B2A5004B74F7 /* Tip_CalculatorTests.swift in Sources */,
			);
			runOnlyForDeploymentPostprocessing = 0;
		};
		6461429A2B08B2A5004B74F7 /* Sources */ = {
			isa = PBXSourcesBuildPhase;
			buildActionMask = 2147483647;
			files = (
				646142A52B08B2A5004B74F7 /* Tip_CalculatorUITestsLaunchTests.swift in Sources */,
				646142A32B08B2A5004B74F7 /* Tip_CalculatorUITests.swift in Sources */,
			);
			runOnlyForDeploymentPostprocessing = 0;
		};
/* End PBXSourcesBuildPhase section */

/* Begin PBXTargetDependency section */
		646142962B08B2A5004B74F7 /* PBXTargetDependency */ = {
			isa = PBXTargetDependency;
			target = 6461427D2B08B2A4004B74F7 /* Tip-Calculator */;
			targetProxy = 646142952B08B2A5004B74F7 /* PBXContainerItemProxy */;
		};
		646142A02B08B2A5004B74F7 /* PBXTargetDependency */ = {
			isa = PBXTargetDependency;
			target = 6461427D2B08B2A4004B74F7 /* Tip-Calculator */;
			targetProxy = 6461429F2B08B2A5004B74F7 /* PBXContainerItemProxy */;
		};
/* End PBXTargetDependency section */

/* Begin PBXVariantGroup section */
		6461428C2B08B2A5004B74F7 /* LaunchScreen.storyboard */ = {
			isa = PBXVariantGroup;
			children = (
				6461428D2B08B2A5004B74F7 /* Base */,
			);
			name = LaunchScreen.storyboard;
			sourceTree = "<group>";
		};
/* End PBXVariantGroup section */

/* Begin XCBuildConfiguration section */
		646142A62B08B2A5004B74F7 /* Debug */ = {
			isa = XCBuildConfiguration;
			buildSettings = {
				ALWAYS_SEARCH_USER_PATHS = NO;
				CLANG_ANALYZER_NONNULL = YES;
				CLANG_ANALYZER_NUMBER_OBJECT_CONVERSION = YES_AGGRESSIVE;
				CLANG_CXX_LANGUAGE_STANDARD = "gnu++20";
				CLANG_ENABLE_MODULES = YES;
				CLANG_ENABLE_OBJC_ARC = YES;
				CLANG_ENABLE_OBJC_WEAK = YES;
				CLANG_WARN_BLOCK_CAPTURE_AUTORELEASING = YES;
				CLANG_WARN_BOOL_CONVERSION = YES;
				CLANG_WARN_COMMA = YES;
				CLANG_WARN_CONSTANT_CONVERSION = YES;
				CLANG_WARN_DEPRECATED_OBJC_IMPLEMENTATIONS = YES;
				CLANG_WARN_DIRECT_OBJC_ISA_USAGE = YES_ERROR;
				CLANG_WARN_DOCUMENTATION_COMMENTS = YES;
				CLANG_WARN_EMPTY_BODY = YES;
				CLANG_WARN_ENUM_CONVERSION = YES;
				CLANG_WARN_INFINITE_RECURSION = YES;
				CLANG_WARN_INT_CONVERSION = YES;
				CLANG_WARN_NON_LITERAL_NULL_CONVERSION = YES;
				CLANG_WARN_OBJC_IMPLICIT_RETAIN_SELF = YES;
				CLANG_WARN_OBJC_LITERAL_CONVERSION = YES;
				CLANG_WARN_OBJC_ROOT_CLASS = YES_ERROR;
				CLANG_WARN_QUOTED_INCLUDE_IN_FRAMEWORK_HEADER = YES;
				CLANG_WARN_RANGE_LOOP_ANALYSIS = YES;
				CLANG_WARN_STRICT_PROTOTYPES = YES;
				CLANG_WARN_SUSPICIOUS_MOVE = YES;
				CLANG_WARN_UNGUARDED_AVAILABILITY = YES_AGGRESSIVE;
				CLANG_WARN_UNREACHABLE_CODE = YES;
				CLANG_WARN__DUPLICATE_METHOD_MATCH = YES;
				COPY_PHASE_STRIP = NO;
				DEBUG_INFORMATION_FORMAT = dwarf;
				ENABLE_STRICT_OBJC_MSGSEND = YES;
				ENABLE_TESTABILITY = YES;
				GCC_C_LANGUAGE_STANDARD = gnu11;
				GCC_DYNAMIC_NO_PIC = NO;
				GCC_NO_COMMON_BLOCKS = YES;
				GCC_OPTIMIZATION_LEVEL = 0;
				GCC_PREPROCESSOR_DEFINITIONS = (
					"DEBUG=1",
					"$(inherited)",
				);
				GCC_WARN_64_TO_32_BIT_CONVERSION = YES;
				GCC_WARN_ABOUT_RETURN_TYPE = YES_ERROR;
				GCC_WARN_UNDECLARED_SELECTOR = YES;
				GCC_WARN_UNINITIALIZED_AUTOS = YES_AGGRESSIVE;
				GCC_WARN_UNUSED_FUNCTION = YES;
				GCC_WARN_UNUSED_VARIABLE = YES;
				IPHONEOS_DEPLOYMENT_TARGET = 16.2;
				MTL_ENABLE_DEBUG_INFO = INCLUDE_SOURCE;
				MTL_FAST_MATH = YES;
				ONLY_ACTIVE_ARCH = YES;
				SDKROOT = iphoneos;
				SWIFT_ACTIVE_COMPILATION_CONDITIONS = DEBUG;
				SWIFT_OPTIMIZATION_LEVEL = "-Onone";
			};
			name = Debug;
		};
		646142A72B08B2A5004B74F7 /* Release */ = {
			isa = XCBuildConfiguration;
			buildSettings = {
				ALWAYS_SEARCH_USER_PATHS = NO;
				CLANG_ANALYZER_NONNULL = YES;
				CLANG_ANALYZER_NUMBER_OBJECT_CONVERSION = YES_AGGRESSIVE;
				CLANG_CXX_LANGUAGE_STANDARD = "gnu++20";
				CLANG_ENABLE_MODULES = YES;
				CLANG_ENABLE_OBJC_ARC = YES;
				CLANG_ENABLE_OBJC_WEAK = YES;
				CLANG_WARN_BLOCK_CAPTURE_AUTORELEASING = YES;
				CLANG_WARN_BOOL_CONVERSION = YES;
				CLANG_WARN_COMMA = YES;
				CLANG_WARN_CONSTANT_CONVERSION = YES;
				CLANG_WARN_DEPRECATED_OBJC_IMPLEMENTATIONS = YES;
				CLANG_WARN_DIRECT_OBJC_ISA_USAGE = YES_ERROR;
				CLANG_WARN_DOCUMENTATION_COMMENTS = YES;
				CLANG_WARN_EMPTY_BODY = YES;
				CLANG_WARN_ENUM_CONVERSION = YES;
				CLANG_WARN_INFINITE_RECURSION = YES;
				CLANG_WARN_INT_CONVERSION = YES;
				CLANG_WARN_NON_LITERAL_NULL_CONVERSION = YES;
				CLANG_WARN_OBJC_IMPLICIT_RETAIN_SELF = YES;
				CLANG_WARN_OBJC_LITERAL_CONVERSION = YES;
				CLANG_WARN_OBJC_ROOT_CLASS = YES_ERROR;
				CLANG_WARN_QUOTED_INCLUDE_IN_FRAMEWORK_HEADER = YES;
				CLANG_WARN_RANGE_LOOP_ANALYSIS = YES;
				CLANG_WARN_STRICT_PROTOTYPES = YES;
				CLANG_WARN_SUSPICIOUS_MOVE = YES;
				CLANG_WARN_UNGUARDED_AVAILABILITY = YES_AGGRESSIVE;
				CLANG_WARN_UNREACHABLE_CODE = YES;
				CLANG_WARN__DUPLICATE_METHOD_MATCH = YES;
				COPY_PHASE_STRIP = NO;
				DEBUG_INFORMATION_FORMAT = "dwarf-with-dsym";
				ENABLE_NS_ASSERTIONS = NO;
				ENABLE_STRICT_OBJC_MSGSEND = YES;
				GCC_C_LANGUAGE_STANDARD = gnu11;
				GCC_NO_COMMON_BLOCKS = YES;
				GCC_WARN_64_TO_32_BIT_CONVERSION = YES;
				GCC_WARN_ABOUT_RETURN_TYPE = YES_ERROR;
				GCC_WARN_UNDECLARED_SELECTOR = YES;
				GCC_WARN_UNINITIALIZED_AUTOS = YES_AGGRESSIVE;
				GCC_WARN_UNUSED_FUNCTION = YES;
				GCC_WARN_UNUSED_VARIABLE = YES;
				IPHONEOS_DEPLOYMENT_TARGET = 16.2;
				MTL_ENABLE_DEBUG_INFO = NO;
				MTL_FAST_MATH = YES;
				SDKROOT = iphoneos;
				SWIFT_COMPILATION_MODE = wholemodule;
				SWIFT_OPTIMIZATION_LEVEL = "-O";
				VALIDATE_PRODUCT = YES;
			};
			name = Release;
		};
		646142A92B08B2A5004B74F7 /* Debug */ = {
			isa = XCBuildConfiguration;
			buildSettings = {
				ASSETCATALOG_COMPILER_APPICON_NAME = AppIcon;
				ASSETCATALOG_COMPILER_GLOBAL_ACCENT_COLOR_NAME = AccentColor;
				CODE_SIGN_STYLE = Automatic;
				CURRENT_PROJECT_VERSION = 1;
				GENERATE_INFOPLIST_FILE = YES;
				INFOPLIST_FILE = "Tip-Calculator/Info.plist";
				INFOPLIST_KEY_UIApplicationSupportsIndirectInputEvents = YES;
				INFOPLIST_KEY_UILaunchStoryboardName = LaunchScreen;
				INFOPLIST_KEY_UISupportedInterfaceOrientations_iPad = "UIInterfaceOrientationPortrait UIInterfaceOrientationPortraitUpsideDown UIInterfaceOrientationLandscapeLeft UIInterfaceOrientationLandscapeRight";
				INFOPLIST_KEY_UISupportedInterfaceOrientations_iPhone = "UIInterfaceOrientationPortrait UIInterfaceOrientationLandscapeLeft UIInterfaceOrientationLandscapeRight";
				LD_RUNPATH_SEARCH_PATHS = (
					"$(inherited)",
					"@executable_path/Frameworks",
				);
				MARKETING_VERSION = 1.0;
				PRODUCT_BUNDLE_IDENTIFIER = "co.bahittin.Tip-Calculator";
				PRODUCT_NAME = "$(TARGET_NAME)";
				SWIFT_EMIT_LOC_STRINGS = YES;
				SWIFT_VERSION = 5.0;
				TARGETED_DEVICE_FAMILY = "1,2";
			};
			name = Debug;
		};
		646142AA2B08B2A5004B74F7 /* Release */ = {
			isa = XCBuildConfiguration;
			buildSettings = {
				ASSETCATALOG_COMPILER_APPICON_NAME = AppIcon;
				ASSETCATALOG_COMPILER_GLOBAL_ACCENT_COLOR_NAME = AccentColor;
				CODE_SIGN_STYLE = Automatic;
				CURRENT_PROJECT_VERSION = 1;
				GENERATE_INFOPLIST_FILE = YES;
				INFOPLIST_FILE = "Tip-Calculator/Info.plist";
				INFOPLIST_KEY_UIApplicationSupportsIndirectInputEvents = YES;
				INFOPLIST_KEY_UILaunchStoryboardName = LaunchScreen;
				INFOPLIST_KEY_UISupportedInterfaceOrientations_iPad = "UIInterfaceOrientationPortrait UIInterfaceOrientationPortraitUpsideDown UIInterfaceOrientationLandscapeLeft UIInterfaceOrientationLandscapeRight";
				INFOPLIST_KEY_UISupportedInterfaceOrientations_iPhone = "UIInterfaceOrientationPortrait UIInterfaceOrientationLandscapeLeft UIInterfaceOrientationLandscapeRight";
				LD_RUNPATH_SEARCH_PATHS = (
					"$(inherited)",
					"@executable_path/Frameworks",
				);
				MARKETING_VERSION = 1.0;
				PRODUCT_BUNDLE_IDENTIFIER = "co.bahittin.Tip-Calculator";
				PRODUCT_NAME = "$(TARGET_NAME)";
				SWIFT_EMIT_LOC_STRINGS = YES;
				SWIFT_VERSION = 5.0;
				TARGETED_DEVICE_FAMILY = "1,2";
			};
			name = Release;
		};
		646142AC2B08B2A5004B74F7 /* Debug */ = {
			isa = XCBuildConfiguration;
			buildSettings = {
				ALWAYS_EMBED_SWIFT_STANDARD_LIBRARIES = YES;
				BUNDLE_LOADER = "$(TEST_HOST)";
				CODE_SIGN_STYLE = Automatic;
				CURRENT_PROJECT_VERSION = 1;
				GENERATE_INFOPLIST_FILE = YES;
				IPHONEOS_DEPLOYMENT_TARGET = 16.2;
				MARKETING_VERSION = 1.0;
				PRODUCT_BUNDLE_IDENTIFIER = "co.bahittin.Tip-CalculatorTests";
				PRODUCT_NAME = "$(TARGET_NAME)";
				SWIFT_EMIT_LOC_STRINGS = NO;
				SWIFT_VERSION = 5.0;
				TARGETED_DEVICE_FAMILY = "1,2";
				TEST_HOST = "$(BUILT_PRODUCTS_DIR)/Tip-Calculator.app/$(BUNDLE_EXECUTABLE_FOLDER_PATH)/Tip-Calculator";
			};
			name = Debug;
		};
		646142AD2B08B2A5004B74F7 /* Release */ = {
			isa = XCBuildConfiguration;
			buildSettings = {
				ALWAYS_EMBED_SWIFT_STANDARD_LIBRARIES = YES;
				BUNDLE_LOADER = "$(TEST_HOST)";
				CODE_SIGN_STYLE = Automatic;
				CURRENT_PROJECT_VERSION = 1;
				GENERATE_INFOPLIST_FILE = YES;
				IPHONEOS_DEPLOYMENT_TARGET = 16.2;
				MARKETING_VERSION = 1.0;
				PRODUCT_BUNDLE_IDENTIFIER = "co.bahittin.Tip-CalculatorTests";
				PRODUCT_NAME = "$(TARGET_NAME)";
				SWIFT_EMIT_LOC_STRINGS = NO;
				SWIFT_VERSION = 5.0;
				TARGETED_DEVICE_FAMILY = "1,2";
				TEST_HOST = "$(BUILT_PRODUCTS_DIR)/Tip-Calculator.app/$(BUNDLE_EXECUTABLE_FOLDER_PATH)/Tip-Calculator";
			};
			name = Release;
		};
		646142AF2B08B2A5004B74F7 /* Debug */ = {
			isa = XCBuildConfiguration;
			buildSettings = {
				ALWAYS_EMBED_SWIFT_STANDARD_LIBRARIES = YES;
				CODE_SIGN_STYLE = Automatic;
				CURRENT_PROJECT_VERSION = 1;
				GENERATE_INFOPLIST_FILE = YES;
				MARKETING_VERSION = 1.0;
				PRODUCT_BUNDLE_IDENTIFIER = "co.bahittin.Tip-CalculatorUITests";
				PRODUCT_NAME = "$(TARGET_NAME)";
				SWIFT_EMIT_LOC_STRINGS = NO;
				SWIFT_VERSION = 5.0;
				TARGETED_DEVICE_FAMILY = "1,2";
				TEST_TARGET_NAME = "Tip-Calculator";
			};
			name = Debug;
		};
		646142B02B08B2A5004B74F7 /* Release */ = {
			isa = XCBuildConfiguration;
			buildSettings = {
				ALWAYS_EMBED_SWIFT_STANDARD_LIBRARIES = YES;
				CODE_SIGN_STYLE = Automatic;
				CURRENT_PROJECT_VERSION = 1;
				GENERATE_INFOPLIST_FILE = YES;
				MARKETING_VERSION = 1.0;
				PRODUCT_BUNDLE_IDENTIFIER = "co.bahittin.Tip-CalculatorUITests";
				PRODUCT_NAME = "$(TARGET_NAME)";
				SWIFT_EMIT_LOC_STRINGS = NO;
				SWIFT_VERSION = 5.0;
				TARGETED_DEVICE_FAMILY = "1,2";
				TEST_TARGET_NAME = "Tip-Calculator";
			};
			name = Release;
		};
/* End XCBuildConfiguration section */

/* Begin XCConfigurationList section */
		646142792B08B2A4004B74F7 /* Build configuration list for PBXProject "Tip-Calculator" */ = {
			isa = XCConfigurationList;
			buildConfigurations = (
				646142A62B08B2A5004B74F7 /* Debug */,
				646142A72B08B2A5004B74F7 /* Release */,
			);
			defaultConfigurationIsVisible = 0;
			defaultConfigurationName = Release;
		};
		646142A82B08B2A5004B74F7 /* Build configuration list for PBXNativeTarget "Tip-Calculator" */ = {
			isa = XCConfigurationList;
			buildConfigurations = (
				646142A92B08B2A5004B74F7 /* Debug */,
				646142AA2B08B2A5004B74F7 /* Release */,
			);
			defaultConfigurationIsVisible = 0;
			defaultConfigurationName = Release;
		};
		646142AB2B08B2A5004B74F7 /* Build configuration list for PBXNativeTarget "Tip-CalculatorTests" */ = {
			isa = XCConfigurationList;
			buildConfigurations = (
				646142AC2B08B2A5004B74F7 /* Debug */,
				646142AD2B08B2A5004B74F7 /* Release */,
			);
			defaultConfigurationIsVisible = 0;
			defaultConfigurationName = Release;
		};
		646142AE2B08B2A5004B74F7 /* Build configuration list for PBXNativeTarget "Tip-CalculatorUITests" */ = {
			isa = XCConfigurationList;
			buildConfigurations = (
				646142AF2B08B2A5004B74F7 /* Debug */,
				646142B02B08B2A5004B74F7 /* Release */,
			);
			defaultConfigurationIsVisible = 0;
			defaultConfigurationName = Release;
		};
/* End XCConfigurationList section */

/* Begin XCRemoteSwiftPackageReference section */
		646142B12B08B3B9004B74F7 /* XCRemoteSwiftPackageReference "CombineCocoa" */ = {
			isa = XCRemoteSwiftPackageReference;
			repositoryURL = "https://github.com/CombineCommunity/CombineCocoa.git";
			requirement = {
				kind = upToNextMinorVersion;
				minimumVersion = 0.4.1;
			};
		};
		646142B42B08B3D6004B74F7 /* XCRemoteSwiftPackageReference "SnapKit" */ = {
			isa = XCRemoteSwiftPackageReference;
			repositoryURL = "https://github.com/SnapKit/SnapKit.git";
			requirement = {
				kind = upToNextMinorVersion;
				minimumVersion = 5.6.0;
			};
		};
		646142BA2B08B450004B74F7 /* XCRemoteSwiftPackageReference "swift-snapshot-testing" */ = {
			isa = XCRemoteSwiftPackageReference;
			repositoryURL = "https://github.com/pointfreeco/swift-snapshot-testing.git";
			requirement = {
				kind = upToNextMinorVersion;
				minimumVersion = 1.9.0;
			};
		};
/* End XCRemoteSwiftPackageReference section */

/* Begin XCSwiftPackageProductDependency section */
		646142B22B08B3B9004B74F7 /* CombineCocoa */ = {
			isa = XCSwiftPackageProductDependency;
			package = 646142B12B08B3B9004B74F7 /* XCRemoteSwiftPackageReference "CombineCocoa" */;
			productName = CombineCocoa;
		};
		646142B52B08B3D6004B74F7 /* SnapKit */ = {
			isa = XCSwiftPackageProductDependency;
			package = 646142B42B08B3D6004B74F7 /* XCRemoteSwiftPackageReference "SnapKit" */;
			productName = SnapKit;
		};
		646142B82B08B406004B74F7 /* CombineCocoa */ = {
			isa = XCSwiftPackageProductDependency;
			package = 646142B12B08B3B9004B74F7 /* XCRemoteSwiftPackageReference "CombineCocoa" */;
			productName = CombineCocoa;
		};
		646142BB2B08B450004B74F7 /* SnapshotTesting */ = {
			isa = XCSwiftPackageProductDependency;
			package = 646142BA2B08B450004B74F7 /* XCRemoteSwiftPackageReference "swift-snapshot-testing" */;
			productName = SnapshotTesting;
		};
		646142BD2B08B463004B74F7 /* CombineCocoa */ = {
			isa = XCSwiftPackageProductDependency;
			package = 646142B12B08B3B9004B74F7 /* XCRemoteSwiftPackageReference "CombineCocoa" */;
			productName = CombineCocoa;
		};
/* End XCSwiftPackageProductDependency section */
	};
	rootObject = 646142762B08B2A4004B74F7 /* Project object */;
}
